
Microsoft Visual Studio Solution File, Format Version 12.00
# Visual Studio Version 16
VisualStudioVersion = 16.0.29728.190
MinimumVisualStudioVersion = 10.0.40219.1
Project("{FAE04EC0-301F-11D3-BF4B-00C04F79EFBC}") = "SmartMirror", "SmartMirror\SmartMirror.csproj", "{216FD4D0-5A89-4DEB-B36F-D34D4ABC754A}"
EndProject
Global
	GlobalSection(SolutionConfigurationPlatforms) = preSolution
		Debug|Any CPU = Debug|Any CPU
		Release|Any CPU = Release|Any CPU
	EndGlobalSection
	GlobalSection(ProjectConfigurationPlatforms) = postSolution
		{216FD4D0-5A89-4DEB-B36F-D34D4ABC754A}.Debug|Any CPU.ActiveCfg = Debug|Any CPU
		{216FD4D0-5A89-4DEB-B36F-D34D4ABC754A}.Debug|Any CPU.Build.0 = Debug|Any CPU
		{216FD4D0-5A89-4DEB-B36F-D34D4ABC754A}.Release|Any CPU.ActiveCfg = Release|Any CPU
		{216FD4D0-5A89-4DEB-B36F-D34D4ABC754A}.Release|Any CPU.Build.0 = Release|Any CPU
	EndGlobalSection
	GlobalSection(SolutionProperties) = preSolution
		HideSolutionNode = FALSE
	EndGlobalSection
	GlobalSection(ExtensibilityGlobals) = postSolution
		SolutionGuid = {89C965AA-BED0-46DB-BCFD-EEAE25243252}
	EndGlobalSection
EndGlobal
